// !$*UTF8*$!
{
	archiveVersion = 1;
	classes = {
	};
	objectVersion = 56;
	objects = {

/* Begin PBXBuildFile section */
		34AEFEDF2ACE668400EDE29E /* Extensions.swift in Sources */ = {isa = PBXBuildFile; fileRef = 34AEFEDE2ACE668400EDE29E /* Extensions.swift */; };
		34AEFEEA2ACE6D0200EDE29E /* Movie_WS.swift in Sources */ = {isa = PBXBuildFile; fileRef = 34AEFEE92ACE6D0200EDE29E /* Movie_WS.swift */; };
		34AEFEF92ACE6D0B00EDE29E /* SearchResponse.swift in Sources */ = {isa = PBXBuildFile; fileRef = 34AEFEED2ACE6D0B00EDE29E /* SearchResponse.swift */; };
		34AEFEFA2ACE6D0B00EDE29E /* ResultsNPResponse.swift in Sources */ = {isa = PBXBuildFile; fileRef = 34AEFEEF2ACE6D0B00EDE29E /* ResultsNPResponse.swift */; };
		34AEFEFB2ACE6D0B00EDE29E /* DatesNPResponse.swift in Sources */ = {isa = PBXBuildFile; fileRef = 34AEFEF02ACE6D0B00EDE29E /* DatesNPResponse.swift */; };
		34AEFEFC2ACE6D0B00EDE29E /* NowPlayingResponse.swift in Sources */ = {isa = PBXBuildFile; fileRef = 34AEFEF12ACE6D0B00EDE29E /* NowPlayingResponse.swift */; };
		34AEFEFD2ACE6D0B00EDE29E /* TopRatedResponse.swift in Sources */ = {isa = PBXBuildFile; fileRef = 34AEFEF32ACE6D0B00EDE29E /* TopRatedResponse.swift */; };
		34AEFF0C2ACE6D3A00EDE29E /* MpMoviesCollectionViewCell.swift in Sources */ = {isa = PBXBuildFile; fileRef = 34AEFF052ACE6D3A00EDE29E /* MpMoviesCollectionViewCell.swift */; };
		34AEFF0D2ACE6D3A00EDE29E /* MpMoviesCollectionViewCell.xib in Resources */ = {isa = PBXBuildFile; fileRef = 34AEFF062ACE6D3A00EDE29E /* MpMoviesCollectionViewCell.xib */; };
		34AEFF2A2ACE6E0800EDE29E /* ExtensionPlayingNow.swift in Sources */ = {isa = PBXBuildFile; fileRef = 34AEFF122ACE6E0700EDE29E /* ExtensionPlayingNow.swift */; };
		34AEFF2B2ACE6E0800EDE29E /* PlayingNowViewController.xib in Resources */ = {isa = PBXBuildFile; fileRef = 34AEFF132ACE6E0700EDE29E /* PlayingNowViewController.xib */; };
		34AEFF2C2ACE6E0800EDE29E /* PlayingNowViewController.swift in Sources */ = {isa = PBXBuildFile; fileRef = 34AEFF142ACE6E0700EDE29E /* PlayingNowViewController.swift */; };
		34AEFF2D2ACE6E0800EDE29E /* UpcomingViewController.swift in Sources */ = {isa = PBXBuildFile; fileRef = 34AEFF162ACE6E0700EDE29E /* UpcomingViewController.swift */; };
		34AEFF2E2ACE6E0800EDE29E /* MovieDetailViewController.swift in Sources */ = {isa = PBXBuildFile; fileRef = 34AEFF182ACE6E0700EDE29E /* MovieDetailViewController.swift */; };
		34AEFF2F2ACE6E0800EDE29E /* MovieDetailViewController.xib in Resources */ = {isa = PBXBuildFile; fileRef = 34AEFF192ACE6E0700EDE29E /* MovieDetailViewController.xib */; };
		34AEFF302ACE6E0800EDE29E /* ExtensionUpcomingMovies.swift in Sources */ = {isa = PBXBuildFile; fileRef = 34AEFF1A2ACE6E0700EDE29E /* ExtensionUpcomingMovies.swift */; };
		34AEFF312ACE6E0800EDE29E /* UpcomingViewController.xib in Resources */ = {isa = PBXBuildFile; fileRef = 34AEFF1B2ACE6E0700EDE29E /* UpcomingViewController.xib */; };
		34AEFF322ACE6E0800EDE29E /* SeriesDetailViewController.swift in Sources */ = {isa = PBXBuildFile; fileRef = 34AEFF1D2ACE6E0700EDE29E /* SeriesDetailViewController.swift */; };
		34AEFF332ACE6E0800EDE29E /* SeriesDetailViewController.xib in Resources */ = {isa = PBXBuildFile; fileRef = 34AEFF1E2ACE6E0700EDE29E /* SeriesDetailViewController.xib */; };
		34AEFF362ACE6E0800EDE29E /* ExtensionMostPopular.swift in Sources */ = {isa = PBXBuildFile; fileRef = 34AEFF232ACE6E0800EDE29E /* ExtensionMostPopular.swift */; };
		34AEFF372ACE6E0800EDE29E /* MostPopularViewController.xib in Resources */ = {isa = PBXBuildFile; fileRef = 34AEFF242ACE6E0800EDE29E /* MostPopularViewController.xib */; };
		34AEFF382ACE6E0800EDE29E /* MostPopularViewController.swift in Sources */ = {isa = PBXBuildFile; fileRef = 34AEFF252ACE6E0800EDE29E /* MostPopularViewController.swift */; };
		34AEFF392ACE6E0800EDE29E /* TopRatedViewController.swift in Sources */ = {isa = PBXBuildFile; fileRef = 34AEFF272ACE6E0800EDE29E /* TopRatedViewController.swift */; };
		34AEFF3A2ACE6E0800EDE29E /* TopRatedViewController.xib in Resources */ = {isa = PBXBuildFile; fileRef = 34AEFF282ACE6E0800EDE29E /* TopRatedViewController.xib */; };
		34AEFF3B2ACE6E0800EDE29E /* ExtensionTopRated.swift in Sources */ = {isa = PBXBuildFile; fileRef = 34AEFF292ACE6E0800EDE29E /* ExtensionTopRated.swift */; };
		AA2C1D3F2ACF6B8D00C4597F /* TopRatedResults.swift in Sources */ = {isa = PBXBuildFile; fileRef = AA2C1D3E2ACF6B8D00C4597F /* TopRatedResults.swift */; };
		AA2C1D472ACF7FC500C4597F /* PlayingNowCollectionViewCell.swift in Sources */ = {isa = PBXBuildFile; fileRef = AA2C1D452ACF7FC500C4597F /* PlayingNowCollectionViewCell.swift */; };
		AA2C1D482ACF7FC500C4597F /* PlayingNowCollectionViewCell.xib in Resources */ = {isa = PBXBuildFile; fileRef = AA2C1D462ACF7FC500C4597F /* PlayingNowCollectionViewCell.xib */; };
		AA48B1132ACF877E00CC6D5C /* TopRatedCollectionViewCell.swift in Sources */ = {isa = PBXBuildFile; fileRef = AA48B1112ACF877E00CC6D5C /* TopRatedCollectionViewCell.swift */; };
		AA48B1142ACF877E00CC6D5C /* TopRatedCollectionViewCell.xib in Resources */ = {isa = PBXBuildFile; fileRef = AA48B1122ACF877E00CC6D5C /* TopRatedCollectionViewCell.xib */; };
		AA48B1182ACF8AA200CC6D5C /* UpcomingCollectionViewCell.swift in Sources */ = {isa = PBXBuildFile; fileRef = AA48B1162ACF8AA200CC6D5C /* UpcomingCollectionViewCell.swift */; };
		AA48B1192ACF8AA200CC6D5C /* UpcomingCollectionViewCell.xib in Resources */ = {isa = PBXBuildFile; fileRef = AA48B1172ACF8AA200CC6D5C /* UpcomingCollectionViewCell.xib */; };
		AA7D08352ADDDF2A0096D191 /* MostPopularResults.swift in Sources */ = {isa = PBXBuildFile; fileRef = AA7D08342ADDDF2A0096D191 /* MostPopularResults.swift */; };
		AA7D08372ADDDF6C0096D191 /* MostPopularResponse.swift in Sources */ = {isa = PBXBuildFile; fileRef = AA7D08362ADDDF6B0096D191 /* MostPopularResponse.swift */; };
		AA7D083A2ADDE1130096D191 /* Dates.swift in Sources */ = {isa = PBXBuildFile; fileRef = AA7D08382ADDE1120096D191 /* Dates.swift */; };
		AA7D083B2ADDE1130096D191 /* UpcomingResults.swift in Sources */ = {isa = PBXBuildFile; fileRef = AA7D08392ADDE1130096D191 /* UpcomingResults.swift */; };
		AA7D083D2ADDE16B0096D191 /* UpcomingResponse.swift in Sources */ = {isa = PBXBuildFile; fileRef = AA7D083C2ADDE16B0096D191 /* UpcomingResponse.swift */; };
		AA7D08422ADDE30C0096D191 /* SearchTableViewCell.swift in Sources */ = {isa = PBXBuildFile; fileRef = AA7D08402ADDE30C0096D191 /* SearchTableViewCell.swift */; };
		AA7D08432ADDE30C0096D191 /* SearchTableViewCell.xib in Resources */ = {isa = PBXBuildFile; fileRef = AA7D08412ADDE30C0096D191 /* SearchTableViewCell.xib */; };
		AAA2674C2ABBF2FD00727A9E /* AppDelegate.swift in Sources */ = {isa = PBXBuildFile; fileRef = AAA2674B2ABBF2FD00727A9E /* AppDelegate.swift */; };
		AAA2674E2ABBF2FE00727A9E /* SceneDelegate.swift in Sources */ = {isa = PBXBuildFile; fileRef = AAA2674D2ABBF2FE00727A9E /* SceneDelegate.swift */; };
		AAA267502ABBF2FE00727A9E /* ViewController.swift in Sources */ = {isa = PBXBuildFile; fileRef = AAA2674F2ABBF2FE00727A9E /* ViewController.swift */; };
		AAA267532ABBF2FE00727A9E /* Main.storyboard in Resources */ = {isa = PBXBuildFile; fileRef = AAA267512ABBF2FE00727A9E /* Main.storyboard */; };
		AAA267552ABBF30100727A9E /* Assets.xcassets in Resources */ = {isa = PBXBuildFile; fileRef = AAA267542ABBF30100727A9E /* Assets.xcassets */; };
		AAA267582ABBF30100727A9E /* LaunchScreen.storyboard in Resources */ = {isa = PBXBuildFile; fileRef = AAA267562ABBF30100727A9E /* LaunchScreen.storyboard */; };
		AAA2676D2ABBF92100727A9E /* TabBarViewController.swift in Sources */ = {isa = PBXBuildFile; fileRef = AAA2676C2ABBF92100727A9E /* TabBarViewController.swift */; };
		AAE112E92AD8F0C200C0A97C /* ResultSearchResponse.swift in Sources */ = {isa = PBXBuildFile; fileRef = AAE112E82AD8F0C200C0A97C /* ResultSearchResponse.swift */; };
		AAE9D0AA2AE0BEAE004D2295 /* SearchBarViewController.swift in Sources */ = {isa = PBXBuildFile; fileRef = AAE9D0A82AE0BEAE004D2295 /* SearchBarViewController.swift */; };
		AAE9D0AB2AE0BEAE004D2295 /* SearchBarViewController.xib in Resources */ = {isa = PBXBuildFile; fileRef = AAE9D0A92AE0BEAE004D2295 /* SearchBarViewController.xib */; };
		AAE9D0AD2AE0C75E004D2295 /* ExtensionSearchBarViewController.swift in Sources */ = {isa = PBXBuildFile; fileRef = AAE9D0AC2AE0C75E004D2295 /* ExtensionSearchBarViewController.swift */; };
/* End PBXBuildFile section */

/* Begin PBXFileReference section */
		34AEFEDE2ACE668400EDE29E /* Extensions.swift */ = {isa = PBXFileReference; lastKnownFileType = sourcecode.swift; path = Extensions.swift; sourceTree = "<group>"; };
		34AEFEE92ACE6D0200EDE29E /* Movie_WS.swift */ = {isa = PBXFileReference; fileEncoding = 4; lastKnownFileType = sourcecode.swift; path = Movie_WS.swift; sourceTree = "<group>"; };
		34AEFEED2ACE6D0B00EDE29E /* SearchResponse.swift */ = {isa = PBXFileReference; fileEncoding = 4; lastKnownFileType = sourcecode.swift; path = SearchResponse.swift; sourceTree = "<group>"; };
		34AEFEEF2ACE6D0B00EDE29E /* ResultsNPResponse.swift */ = {isa = PBXFileReference; fileEncoding = 4; lastKnownFileType = sourcecode.swift; path = ResultsNPResponse.swift; sourceTree = "<group>"; };
		34AEFEF02ACE6D0B00EDE29E /* DatesNPResponse.swift */ = {isa = PBXFileReference; fileEncoding = 4; lastKnownFileType = sourcecode.swift; path = DatesNPResponse.swift; sourceTree = "<group>"; };
		34AEFEF12ACE6D0B00EDE29E /* NowPlayingResponse.swift */ = {isa = PBXFileReference; fileEncoding = 4; lastKnownFileType = sourcecode.swift; path = NowPlayingResponse.swift; sourceTree = "<group>"; };
		34AEFEF32ACE6D0B00EDE29E /* TopRatedResponse.swift */ = {isa = PBXFileReference; fileEncoding = 4; lastKnownFileType = sourcecode.swift; path = TopRatedResponse.swift; sourceTree = "<group>"; };
		34AEFF052ACE6D3A00EDE29E /* MpMoviesCollectionViewCell.swift */ = {isa = PBXFileReference; fileEncoding = 4; lastKnownFileType = sourcecode.swift; path = MpMoviesCollectionViewCell.swift; sourceTree = "<group>"; };
		34AEFF062ACE6D3A00EDE29E /* MpMoviesCollectionViewCell.xib */ = {isa = PBXFileReference; fileEncoding = 4; lastKnownFileType = file.xib; path = MpMoviesCollectionViewCell.xib; sourceTree = "<group>"; };
		34AEFF122ACE6E0700EDE29E /* ExtensionPlayingNow.swift */ = {isa = PBXFileReference; fileEncoding = 4; lastKnownFileType = sourcecode.swift; path = ExtensionPlayingNow.swift; sourceTree = "<group>"; };
		34AEFF132ACE6E0700EDE29E /* PlayingNowViewController.xib */ = {isa = PBXFileReference; fileEncoding = 4; lastKnownFileType = file.xib; path = PlayingNowViewController.xib; sourceTree = "<group>"; };
		34AEFF142ACE6E0700EDE29E /* PlayingNowViewController.swift */ = {isa = PBXFileReference; fileEncoding = 4; lastKnownFileType = sourcecode.swift; path = PlayingNowViewController.swift; sourceTree = "<group>"; };
		34AEFF162ACE6E0700EDE29E /* UpcomingViewController.swift */ = {isa = PBXFileReference; fileEncoding = 4; lastKnownFileType = sourcecode.swift; path = UpcomingViewController.swift; sourceTree = "<group>"; };
		34AEFF182ACE6E0700EDE29E /* MovieDetailViewController.swift */ = {isa = PBXFileReference; fileEncoding = 4; lastKnownFileType = sourcecode.swift; path = MovieDetailViewController.swift; sourceTree = "<group>"; };
		34AEFF192ACE6E0700EDE29E /* MovieDetailViewController.xib */ = {isa = PBXFileReference; fileEncoding = 4; lastKnownFileType = file.xib; path = MovieDetailViewController.xib; sourceTree = "<group>"; };
		34AEFF1A2ACE6E0700EDE29E /* ExtensionUpcomingMovies.swift */ = {isa = PBXFileReference; fileEncoding = 4; lastKnownFileType = sourcecode.swift; path = ExtensionUpcomingMovies.swift; sourceTree = "<group>"; };
		34AEFF1B2ACE6E0700EDE29E /* UpcomingViewController.xib */ = {isa = PBXFileReference; fileEncoding = 4; lastKnownFileType = file.xib; path = UpcomingViewController.xib; sourceTree = "<group>"; };
		34AEFF1D2ACE6E0700EDE29E /* SeriesDetailViewController.swift */ = {isa = PBXFileReference; fileEncoding = 4; lastKnownFileType = sourcecode.swift; path = SeriesDetailViewController.swift; sourceTree = "<group>"; };
		34AEFF1E2ACE6E0700EDE29E /* SeriesDetailViewController.xib */ = {isa = PBXFileReference; fileEncoding = 4; lastKnownFileType = file.xib; path = SeriesDetailViewController.xib; sourceTree = "<group>"; };
		34AEFF232ACE6E0800EDE29E /* ExtensionMostPopular.swift */ = {isa = PBXFileReference; fileEncoding = 4; lastKnownFileType = sourcecode.swift; path = ExtensionMostPopular.swift; sourceTree = "<group>"; };
		34AEFF242ACE6E0800EDE29E /* MostPopularViewController.xib */ = {isa = PBXFileReference; fileEncoding = 4; lastKnownFileType = file.xib; path = MostPopularViewController.xib; sourceTree = "<group>"; };
		34AEFF252ACE6E0800EDE29E /* MostPopularViewController.swift */ = {isa = PBXFileReference; fileEncoding = 4; lastKnownFileType = sourcecode.swift; path = MostPopularViewController.swift; sourceTree = "<group>"; };
		34AEFF272ACE6E0800EDE29E /* TopRatedViewController.swift */ = {isa = PBXFileReference; fileEncoding = 4; lastKnownFileType = sourcecode.swift; path = TopRatedViewController.swift; sourceTree = "<group>"; };
		34AEFF282ACE6E0800EDE29E /* TopRatedViewController.xib */ = {isa = PBXFileReference; fileEncoding = 4; lastKnownFileType = file.xib; path = TopRatedViewController.xib; sourceTree = "<group>"; };
		34AEFF292ACE6E0800EDE29E /* ExtensionTopRated.swift */ = {isa = PBXFileReference; fileEncoding = 4; lastKnownFileType = sourcecode.swift; path = ExtensionTopRated.swift; sourceTree = "<group>"; };
		AA2C1D3E2ACF6B8D00C4597F /* TopRatedResults.swift */ = {isa = PBXFileReference; fileEncoding = 4; lastKnownFileType = sourcecode.swift; path = TopRatedResults.swift; sourceTree = "<group>"; };
		AA2C1D452ACF7FC500C4597F /* PlayingNowCollectionViewCell.swift */ = {isa = PBXFileReference; lastKnownFileType = sourcecode.swift; path = PlayingNowCollectionViewCell.swift; sourceTree = "<group>"; };
		AA2C1D462ACF7FC500C4597F /* PlayingNowCollectionViewCell.xib */ = {isa = PBXFileReference; lastKnownFileType = file.xib; path = PlayingNowCollectionViewCell.xib; sourceTree = "<group>"; };
		AA48B1112ACF877E00CC6D5C /* TopRatedCollectionViewCell.swift */ = {isa = PBXFileReference; lastKnownFileType = sourcecode.swift; path = TopRatedCollectionViewCell.swift; sourceTree = "<group>"; };
		AA48B1122ACF877E00CC6D5C /* TopRatedCollectionViewCell.xib */ = {isa = PBXFileReference; lastKnownFileType = file.xib; path = TopRatedCollectionViewCell.xib; sourceTree = "<group>"; };
		AA48B1162ACF8AA200CC6D5C /* UpcomingCollectionViewCell.swift */ = {isa = PBXFileReference; lastKnownFileType = sourcecode.swift; path = UpcomingCollectionViewCell.swift; sourceTree = "<group>"; };
		AA48B1172ACF8AA200CC6D5C /* UpcomingCollectionViewCell.xib */ = {isa = PBXFileReference; lastKnownFileType = file.xib; path = UpcomingCollectionViewCell.xib; sourceTree = "<group>"; };
		AA7D08342ADDDF2A0096D191 /* MostPopularResults.swift */ = {isa = PBXFileReference; fileEncoding = 4; lastKnownFileType = sourcecode.swift; path = MostPopularResults.swift; sourceTree = "<group>"; };
		AA7D08362ADDDF6B0096D191 /* MostPopularResponse.swift */ = {isa = PBXFileReference; lastKnownFileType = sourcecode.swift; path = MostPopularResponse.swift; sourceTree = "<group>"; };
		AA7D08382ADDE1120096D191 /* Dates.swift */ = {isa = PBXFileReference; fileEncoding = 4; lastKnownFileType = sourcecode.swift; path = Dates.swift; sourceTree = "<group>"; };
		AA7D08392ADDE1130096D191 /* UpcomingResults.swift */ = {isa = PBXFileReference; fileEncoding = 4; lastKnownFileType = sourcecode.swift; path = UpcomingResults.swift; sourceTree = "<group>"; };
		AA7D083C2ADDE16B0096D191 /* UpcomingResponse.swift */ = {isa = PBXFileReference; lastKnownFileType = sourcecode.swift; path = UpcomingResponse.swift; sourceTree = "<group>"; };
		AA7D08402ADDE30C0096D191 /* SearchTableViewCell.swift */ = {isa = PBXFileReference; lastKnownFileType = sourcecode.swift; path = SearchTableViewCell.swift; sourceTree = "<group>"; };
		AA7D08412ADDE30C0096D191 /* SearchTableViewCell.xib */ = {isa = PBXFileReference; lastKnownFileType = file.xib; path = SearchTableViewCell.xib; sourceTree = "<group>"; };
		AAA267482ABBF2FD00727A9E /* SeriesYPeliculas.app */ = {isa = PBXFileReference; explicitFileType = wrapper.application; includeInIndex = 0; path = SeriesYPeliculas.app; sourceTree = BUILT_PRODUCTS_DIR; };
		AAA2674B2ABBF2FD00727A9E /* AppDelegate.swift */ = {isa = PBXFileReference; lastKnownFileType = sourcecode.swift; path = AppDelegate.swift; sourceTree = "<group>"; };
		AAA2674D2ABBF2FE00727A9E /* SceneDelegate.swift */ = {isa = PBXFileReference; lastKnownFileType = sourcecode.swift; path = SceneDelegate.swift; sourceTree = "<group>"; };
		AAA2674F2ABBF2FE00727A9E /* ViewController.swift */ = {isa = PBXFileReference; lastKnownFileType = sourcecode.swift; path = ViewController.swift; sourceTree = "<group>"; };
		AAA267522ABBF2FE00727A9E /* Base */ = {isa = PBXFileReference; lastKnownFileType = file.storyboard; name = Base; path = Base.lproj/Main.storyboard; sourceTree = "<group>"; };
		AAA267542ABBF30100727A9E /* Assets.xcassets */ = {isa = PBXFileReference; lastKnownFileType = folder.assetcatalog; path = Assets.xcassets; sourceTree = "<group>"; };
		AAA267572ABBF30100727A9E /* Base */ = {isa = PBXFileReference; lastKnownFileType = file.storyboard; name = Base; path = Base.lproj/LaunchScreen.storyboard; sourceTree = "<group>"; };
		AAA267592ABBF30100727A9E /* Info.plist */ = {isa = PBXFileReference; lastKnownFileType = text.plist.xml; path = Info.plist; sourceTree = "<group>"; };
		AAA2676C2ABBF92100727A9E /* TabBarViewController.swift */ = {isa = PBXFileReference; lastKnownFileType = sourcecode.swift; path = TabBarViewController.swift; sourceTree = "<group>"; };
		AAE112E82AD8F0C200C0A97C /* ResultSearchResponse.swift */ = {isa = PBXFileReference; lastKnownFileType = sourcecode.swift; path = ResultSearchResponse.swift; sourceTree = "<group>"; };
		AAE9D0A82AE0BEAE004D2295 /* SearchBarViewController.swift */ = {isa = PBXFileReference; lastKnownFileType = sourcecode.swift; path = SearchBarViewController.swift; sourceTree = "<group>"; };
		AAE9D0A92AE0BEAE004D2295 /* SearchBarViewController.xib */ = {isa = PBXFileReference; lastKnownFileType = file.xib; path = SearchBarViewController.xib; sourceTree = "<group>"; };
		AAE9D0AC2AE0C75E004D2295 /* ExtensionSearchBarViewController.swift */ = {isa = PBXFileReference; lastKnownFileType = sourcecode.swift; path = ExtensionSearchBarViewController.swift; sourceTree = "<group>"; };
/* End PBXFileReference section */

/* Begin PBXFrameworksBuildPhase section */
		AAA267452ABBF2FD00727A9E /* Frameworks */ = {
			isa = PBXFrameworksBuildPhase;
			buildActionMask = 2147483647;
			files = (
			);
			runOnlyForDeploymentPostprocessing = 0;
		};
/* End PBXFrameworksBuildPhase section */

/* Begin PBXGroup section */
		34AEFEE82ACE6D0200EDE29E /* Services */ = {
			isa = PBXGroup;
			children = (
				34AEFEE92ACE6D0200EDE29E /* Movie_WS.swift */,
			);
			path = Services;
			sourceTree = "<group>";
		};
		34AEFEEB2ACE6D0B00EDE29E /* Response */ = {
			isa = PBXGroup;
			children = (
				34AEFEF62ACE6D0B00EDE29E /* MostPopularResponse */,
				34AEFEEC2ACE6D0B00EDE29E /* SearchResponse */,
				34AEFEEE2ACE6D0B00EDE29E /* NowPlayingResponse */,
				34AEFEF22ACE6D0B00EDE29E /* TopRatedResponse */,
				34AEFEF42ACE6D0B00EDE29E /* UpcomingResponse */,
			);
			path = Response;
			sourceTree = "<group>";
		};
		34AEFEEC2ACE6D0B00EDE29E /* SearchResponse */ = {
			isa = PBXGroup;
			children = (
				34AEFEED2ACE6D0B00EDE29E /* SearchResponse.swift */,
				AAE112E82AD8F0C200C0A97C /* ResultSearchResponse.swift */,
			);
			path = SearchResponse;
			sourceTree = "<group>";
		};
		34AEFEEE2ACE6D0B00EDE29E /* NowPlayingResponse */ = {
			isa = PBXGroup;
			children = (
				34AEFEF12ACE6D0B00EDE29E /* NowPlayingResponse.swift */,
				34AEFEEF2ACE6D0B00EDE29E /* ResultsNPResponse.swift */,
				34AEFEF02ACE6D0B00EDE29E /* DatesNPResponse.swift */,
			);
			path = NowPlayingResponse;
			sourceTree = "<group>";
		};
		34AEFEF22ACE6D0B00EDE29E /* TopRatedResponse */ = {
			isa = PBXGroup;
			children = (
				34AEFEF32ACE6D0B00EDE29E /* TopRatedResponse.swift */,
				AA2C1D3E2ACF6B8D00C4597F /* TopRatedResults.swift */,
			);
			path = TopRatedResponse;
			sourceTree = "<group>";
		};
		34AEFEF42ACE6D0B00EDE29E /* UpcomingResponse */ = {
			isa = PBXGroup;
			children = (
				AA7D083C2ADDE16B0096D191 /* UpcomingResponse.swift */,
				AA7D08382ADDE1120096D191 /* Dates.swift */,
				AA7D08392ADDE1130096D191 /* UpcomingResults.swift */,
			);
			path = UpcomingResponse;
			sourceTree = "<group>";
		};
		34AEFEF62ACE6D0B00EDE29E /* MostPopularResponse */ = {
			isa = PBXGroup;
			children = (
				AA7D08362ADDDF6B0096D191 /* MostPopularResponse.swift */,
				AA7D08342ADDDF2A0096D191 /* MostPopularResults.swift */,
			);
			path = MostPopularResponse;
			sourceTree = "<group>";
		};
		34AEFF042ACE6D3A00EDE29E /* MpMovies */ = {
			isa = PBXGroup;
			children = (
				34AEFF052ACE6D3A00EDE29E /* MpMoviesCollectionViewCell.swift */,
				34AEFF062ACE6D3A00EDE29E /* MpMoviesCollectionViewCell.xib */,
			);
			path = MpMovies;
			sourceTree = "<group>";
		};
		34AEFF112ACE6E0700EDE29E /* PlayingNow */ = {
			isa = PBXGroup;
			children = (
				34AEFF142ACE6E0700EDE29E /* PlayingNowViewController.swift */,
				34AEFF122ACE6E0700EDE29E /* ExtensionPlayingNow.swift */,
				34AEFF132ACE6E0700EDE29E /* PlayingNowViewController.xib */,
			);
			path = PlayingNow;
			sourceTree = "<group>";
		};
		34AEFF152ACE6E0700EDE29E /* Upcoming */ = {
			isa = PBXGroup;
			children = (
				34AEFF162ACE6E0700EDE29E /* UpcomingViewController.swift */,
				34AEFF1A2ACE6E0700EDE29E /* ExtensionUpcomingMovies.swift */,
				34AEFF1B2ACE6E0700EDE29E /* UpcomingViewController.xib */,
			);
			path = Upcoming;
			sourceTree = "<group>";
		};
		34AEFF172ACE6E0700EDE29E /* MovieDeatailView */ = {
			isa = PBXGroup;
			children = (
				34AEFF182ACE6E0700EDE29E /* MovieDetailViewController.swift */,
				34AEFF192ACE6E0700EDE29E /* MovieDetailViewController.xib */,
			);
			path = MovieDeatailView;
			sourceTree = "<group>";
		};
		34AEFF1C2ACE6E0700EDE29E /* SeriesDetailView */ = {
			isa = PBXGroup;
			children = (
				34AEFF1D2ACE6E0700EDE29E /* SeriesDetailViewController.swift */,
				34AEFF1E2ACE6E0700EDE29E /* SeriesDetailViewController.xib */,
			);
			path = SeriesDetailView;
			sourceTree = "<group>";
		};
		34AEFF222ACE6E0800EDE29E /* MostPopular */ = {
			isa = PBXGroup;
			children = (
				34AEFF252ACE6E0800EDE29E /* MostPopularViewController.swift */,
				34AEFF232ACE6E0800EDE29E /* ExtensionMostPopular.swift */,
				34AEFF242ACE6E0800EDE29E /* MostPopularViewController.xib */,
			);
			path = MostPopular;
			sourceTree = "<group>";
		};
		34AEFF262ACE6E0800EDE29E /* TopRated */ = {
			isa = PBXGroup;
			children = (
				34AEFF272ACE6E0800EDE29E /* TopRatedViewController.swift */,
				34AEFF292ACE6E0800EDE29E /* ExtensionTopRated.swift */,
				34AEFF282ACE6E0800EDE29E /* TopRatedViewController.xib */,
			);
			path = TopRated;
			sourceTree = "<group>";
		};
		AA2C1D442ACF7F7200C4597F /* PlayingNowCollectionViewCell */ = {
			isa = PBXGroup;
			children = (
				AA2C1D452ACF7FC500C4597F /* PlayingNowCollectionViewCell.swift */,
				AA2C1D462ACF7FC500C4597F /* PlayingNowCollectionViewCell.xib */,
			);
			path = PlayingNowCollectionViewCell;
			sourceTree = "<group>";
		};
		AA48B1102ACF871000CC6D5C /* TopRatedCollectionViewCell */ = {
			isa = PBXGroup;
			children = (
				AA48B1112ACF877E00CC6D5C /* TopRatedCollectionViewCell.swift */,
				AA48B1122ACF877E00CC6D5C /* TopRatedCollectionViewCell.xib */,
			);
			path = TopRatedCollectionViewCell;
			sourceTree = "<group>";
		};
		AA48B1152ACF8A8800CC6D5C /* UpcomingCollectionViewCell */ = {
			isa = PBXGroup;
			children = (
				AA48B1162ACF8AA200CC6D5C /* UpcomingCollectionViewCell.swift */,
				AA48B1172ACF8AA200CC6D5C /* UpcomingCollectionViewCell.xib */,
			);
			path = UpcomingCollectionViewCell;
			sourceTree = "<group>";
		};
		AA6105A92ABCDB6F007E2EC3 /* CollectionViewCells */ = {
			isa = PBXGroup;
			children = (
				AA48B1152ACF8A8800CC6D5C /* UpcomingCollectionViewCell */,
				AA48B1102ACF871000CC6D5C /* TopRatedCollectionViewCell */,
				AA2C1D442ACF7F7200C4597F /* PlayingNowCollectionViewCell */,
				34AEFF042ACE6D3A00EDE29E /* MpMovies */,
			);
			path = CollectionViewCells;
			sourceTree = "<group>";
		};
		AA6105B42ABCE91A007E2EC3 /* Extensions */ = {
			isa = PBXGroup;
			children = (
				34AEFEDE2ACE668400EDE29E /* Extensions.swift */,
			);
			path = Extensions;
			sourceTree = "<group>";
		};
		AA6105B92ABCEDDC007E2EC3 /* ModelData */ = {
			isa = PBXGroup;
			children = (
				34AEFEEB2ACE6D0B00EDE29E /* Response */,
			);
			path = ModelData;
			sourceTree = "<group>";
		};
		AA7D083E2ADDE25C0096D191 /* TableViewCells */ = {
			isa = PBXGroup;
			children = (
				AA7D083F2ADDE2790096D191 /* SearchTableViewCell */,
			);
			path = TableViewCells;
			sourceTree = "<group>";
		};
		AA7D083F2ADDE2790096D191 /* SearchTableViewCell */ = {
			isa = PBXGroup;
			children = (
				AA7D08402ADDE30C0096D191 /* SearchTableViewCell.swift */,
				AA7D08412ADDE30C0096D191 /* SearchTableViewCell.xib */,
			);
			path = SearchTableViewCell;
			sourceTree = "<group>";
		};
		AAA2673F2ABBF2FD00727A9E = {
			isa = PBXGroup;
			children = (
				AAA2674A2ABBF2FD00727A9E /* SeriesYPeliculas */,
				AAA267492ABBF2FD00727A9E /* Products */,
			);
			sourceTree = "<group>";
		};
		AAA267492ABBF2FD00727A9E /* Products */ = {
			isa = PBXGroup;
			children = (
				AAA267482ABBF2FD00727A9E /* SeriesYPeliculas.app */,
			);
			name = Products;
			sourceTree = "<group>";
		};
		AAA2674A2ABBF2FD00727A9E /* SeriesYPeliculas */ = {
			isa = PBXGroup;
			children = (
				34AEFEE82ACE6D0200EDE29E /* Services */,
				AA6105B92ABCEDDC007E2EC3 /* ModelData */,
				AA6105B42ABCE91A007E2EC3 /* Extensions */,
				AA6105A92ABCDB6F007E2EC3 /* CollectionViewCells */,
				AA7D083E2ADDE25C0096D191 /* TableViewCells */,
				AAA2676B2ABBF8C700727A9E /* TapBarController */,
				AAA2675F2ABBF54800727A9E /* Vistas */,
				AAA2674B2ABBF2FD00727A9E /* AppDelegate.swift */,
				AAA2674D2ABBF2FE00727A9E /* SceneDelegate.swift */,
				AAA2674F2ABBF2FE00727A9E /* ViewController.swift */,
				AAA267512ABBF2FE00727A9E /* Main.storyboard */,
				AAA267542ABBF30100727A9E /* Assets.xcassets */,
				AAA267562ABBF30100727A9E /* LaunchScreen.storyboard */,
				AAA267592ABBF30100727A9E /* Info.plist */,
			);
			path = SeriesYPeliculas;
			sourceTree = "<group>";
		};
		AAA2675F2ABBF54800727A9E /* Vistas */ = {
			isa = PBXGroup;
			children = (
				AAE9D0A72AE0BE0A004D2295 /* SearchUiController */,
				34AEFF172ACE6E0700EDE29E /* MovieDeatailView */,
				34AEFF1C2ACE6E0700EDE29E /* SeriesDetailView */,
				34AEFF112ACE6E0700EDE29E /* PlayingNow */,
				34AEFF222ACE6E0800EDE29E /* MostPopular */,
				34AEFF262ACE6E0800EDE29E /* TopRated */,
				34AEFF152ACE6E0700EDE29E /* Upcoming */,
			);
			path = Vistas;
			sourceTree = "<group>";
		};
		AAA2676B2ABBF8C700727A9E /* TapBarController */ = {
			isa = PBXGroup;
			children = (
				AAA2676C2ABBF92100727A9E /* TabBarViewController.swift */,
			);
			path = TapBarController;
			sourceTree = "<group>";
		};
		AAE9D0A72AE0BE0A004D2295 /* SearchUiController */ = {
			isa = PBXGroup;
			children = (
				AAE9D0A82AE0BEAE004D2295 /* SearchBarViewController.swift */,
				AAE9D0AC2AE0C75E004D2295 /* ExtensionSearchBarViewController.swift */,
				AAE9D0A92AE0BEAE004D2295 /* SearchBarViewController.xib */,
			);
			path = SearchUiController;
			sourceTree = "<group>";
		};
/* End PBXGroup section */

/* Begin PBXNativeTarget section */
		AAA267472ABBF2FD00727A9E /* SeriesYPeliculas */ = {
			isa = PBXNativeTarget;
			buildConfigurationList = AAA2675C2ABBF30100727A9E /* Build configuration list for PBXNativeTarget "SeriesYPeliculas" */;
			buildPhases = (
				AAA267442ABBF2FD00727A9E /* Sources */,
				AAA267452ABBF2FD00727A9E /* Frameworks */,
				AAA267462ABBF2FD00727A9E /* Resources */,
			);
			buildRules = (
			);
			dependencies = (
			);
			name = SeriesYPeliculas;
			productName = SeriesYPeliculas;
			productReference = AAA267482ABBF2FD00727A9E /* SeriesYPeliculas.app */;
			productType = "com.apple.product-type.application";
		};
/* End PBXNativeTarget section */

/* Begin PBXProject section */
		AAA267402ABBF2FD00727A9E /* Project object */ = {
			isa = PBXProject;
			attributes = {
				BuildIndependentTargetsInParallel = 1;
				LastSwiftUpdateCheck = 1420;
				LastUpgradeCheck = 1420;
				TargetAttributes = {
					AAA267472ABBF2FD00727A9E = {
						CreatedOnToolsVersion = 14.2;
					};
				};
			};
			buildConfigurationList = AAA267432ABBF2FD00727A9E /* Build configuration list for PBXProject "SeriesYPeliculas" */;
			compatibilityVersion = "Xcode 14.0";
			developmentRegion = en;
			hasScannedForEncodings = 0;
			knownRegions = (
				en,
				Base,
			);
			mainGroup = AAA2673F2ABBF2FD00727A9E;
			productRefGroup = AAA267492ABBF2FD00727A9E /* Products */;
			projectDirPath = "";
			projectRoot = "";
			targets = (
				AAA267472ABBF2FD00727A9E /* SeriesYPeliculas */,
			);
		};
/* End PBXProject section */

/* Begin PBXResourcesBuildPhase section */
		AAA267462ABBF2FD00727A9E /* Resources */ = {
			isa = PBXResourcesBuildPhase;
			buildActionMask = 2147483647;
			files = (
				34AEFF2F2ACE6E0800EDE29E /* MovieDetailViewController.xib in Resources */,
				AA7D08432ADDE30C0096D191 /* SearchTableViewCell.xib in Resources */,
				AAA267582ABBF30100727A9E /* LaunchScreen.storyboard in Resources */,
				34AEFF372ACE6E0800EDE29E /* MostPopularViewController.xib in Resources */,
				AA48B1142ACF877E00CC6D5C /* TopRatedCollectionViewCell.xib in Resources */,
				34AEFF312ACE6E0800EDE29E /* UpcomingViewController.xib in Resources */,
				34AEFF332ACE6E0800EDE29E /* SeriesDetailViewController.xib in Resources */,
				34AEFF2B2ACE6E0800EDE29E /* PlayingNowViewController.xib in Resources */,
				AAA267552ABBF30100727A9E /* Assets.xcassets in Resources */,
				AAA267532ABBF2FE00727A9E /* Main.storyboard in Resources */,
				AA2C1D482ACF7FC500C4597F /* PlayingNowCollectionViewCell.xib in Resources */,
				AA48B1192ACF8AA200CC6D5C /* UpcomingCollectionViewCell.xib in Resources */,
				34AEFF3A2ACE6E0800EDE29E /* TopRatedViewController.xib in Resources */,
				AAE9D0AB2AE0BEAE004D2295 /* SearchBarViewController.xib in Resources */,
				34AEFF0D2ACE6D3A00EDE29E /* MpMoviesCollectionViewCell.xib in Resources */,
			);
			runOnlyForDeploymentPostprocessing = 0;
		};
/* End PBXResourcesBuildPhase section */

/* Begin PBXSourcesBuildPhase section */
		AAA267442ABBF2FD00727A9E /* Sources */ = {
			isa = PBXSourcesBuildPhase;
			buildActionMask = 2147483647;
			files = (
				34AEFF2D2ACE6E0800EDE29E /* UpcomingViewController.swift in Sources */,
				34AEFEFB2ACE6D0B00EDE29E /* DatesNPResponse.swift in Sources */,
				AAE112E92AD8F0C200C0A97C /* ResultSearchResponse.swift in Sources */,
				34AEFF382ACE6E0800EDE29E /* MostPopularViewController.swift in Sources */,
				34AEFEFC2ACE6D0B00EDE29E /* NowPlayingResponse.swift in Sources */,
				34AEFF392ACE6E0800EDE29E /* TopRatedViewController.swift in Sources */,
				AA7D083D2ADDE16B0096D191 /* UpcomingResponse.swift in Sources */,
				AA48B1182ACF8AA200CC6D5C /* UpcomingCollectionViewCell.swift in Sources */,
				AA7D08422ADDE30C0096D191 /* SearchTableViewCell.swift in Sources */,
				34AEFEFA2ACE6D0B00EDE29E /* ResultsNPResponse.swift in Sources */,
				34AEFF362ACE6E0800EDE29E /* ExtensionMostPopular.swift in Sources */,
				AAE9D0AA2AE0BEAE004D2295 /* SearchBarViewController.swift in Sources */,
				34AEFEEA2ACE6D0200EDE29E /* Movie_WS.swift in Sources */,
				AAA267502ABBF2FE00727A9E /* ViewController.swift in Sources */,
				AAA2674C2ABBF2FD00727A9E /* AppDelegate.swift in Sources */,
				34AEFF322ACE6E0800EDE29E /* SeriesDetailViewController.swift in Sources */,
				AA2C1D472ACF7FC500C4597F /* PlayingNowCollectionViewCell.swift in Sources */,
				AA7D08372ADDDF6C0096D191 /* MostPopularResponse.swift in Sources */,
				34AEFF3B2ACE6E0800EDE29E /* ExtensionTopRated.swift in Sources */,
				AA2C1D3F2ACF6B8D00C4597F /* TopRatedResults.swift in Sources */,
				34AEFF2A2ACE6E0800EDE29E /* ExtensionPlayingNow.swift in Sources */,
				34AEFF2C2ACE6E0800EDE29E /* PlayingNowViewController.swift in Sources */,
				AA7D08352ADDDF2A0096D191 /* MostPopularResults.swift in Sources */,
				34AEFF2E2ACE6E0800EDE29E /* MovieDetailViewController.swift in Sources */,
				AA7D083B2ADDE1130096D191 /* UpcomingResults.swift in Sources */,
				AAE9D0AD2AE0C75E004D2295 /* ExtensionSearchBarViewController.swift in Sources */,
				34AEFEFD2ACE6D0B00EDE29E /* TopRatedResponse.swift in Sources */,
				34AEFF302ACE6E0800EDE29E /* ExtensionUpcomingMovies.swift in Sources */,
				AA7D083A2ADDE1130096D191 /* Dates.swift in Sources */,
				AAA2676D2ABBF92100727A9E /* TabBarViewController.swift in Sources */,
				34AEFEDF2ACE668400EDE29E /* Extensions.swift in Sources */,
				34AEFEF92ACE6D0B00EDE29E /* SearchResponse.swift in Sources */,
				AA48B1132ACF877E00CC6D5C /* TopRatedCollectionViewCell.swift in Sources */,
				AAA2674E2ABBF2FE00727A9E /* SceneDelegate.swift in Sources */,
				34AEFF0C2ACE6D3A00EDE29E /* MpMoviesCollectionViewCell.swift in Sources */,
			);
			runOnlyForDeploymentPostprocessing = 0;
		};
/* End PBXSourcesBuildPhase section */

/* Begin PBXVariantGroup section */
		AAA267512ABBF2FE00727A9E /* Main.storyboard */ = {
			isa = PBXVariantGroup;
			children = (
				AAA267522ABBF2FE00727A9E /* Base */,
			);
			name = Main.storyboard;
			sourceTree = "<group>";
		};
		AAA267562ABBF30100727A9E /* LaunchScreen.storyboard */ = {
			isa = PBXVariantGroup;
			children = (
				AAA267572ABBF30100727A9E /* Base */,
			);
			name = LaunchScreen.storyboard;
			sourceTree = "<group>";
		};
/* End PBXVariantGroup section */

/* Begin XCBuildConfiguration section */
		AAA2675A2ABBF30100727A9E /* Debug */ = {
			isa = XCBuildConfiguration;
			buildSettings = {
				ALWAYS_SEARCH_USER_PATHS = NO;
				CLANG_ANALYZER_NONNULL = YES;
				CLANG_ANALYZER_NUMBER_OBJECT_CONVERSION = YES_AGGRESSIVE;
				CLANG_CXX_LANGUAGE_STANDARD = "gnu++20";
				CLANG_ENABLE_MODULES = YES;
				CLANG_ENABLE_OBJC_ARC = YES;
				CLANG_ENABLE_OBJC_WEAK = YES;
				CLANG_WARN_BLOCK_CAPTURE_AUTORELEASING = YES;
				CLANG_WARN_BOOL_CONVERSION = YES;
				CLANG_WARN_COMMA = YES;
				CLANG_WARN_CONSTANT_CONVERSION = YES;
				CLANG_WARN_DEPRECATED_OBJC_IMPLEMENTATIONS = YES;
				CLANG_WARN_DIRECT_OBJC_ISA_USAGE = YES_ERROR;
				CLANG_WARN_DOCUMENTATION_COMMENTS = YES;
				CLANG_WARN_EMPTY_BODY = YES;
				CLANG_WARN_ENUM_CONVERSION = YES;
				CLANG_WARN_INFINITE_RECURSION = YES;
				CLANG_WARN_INT_CONVERSION = YES;
				CLANG_WARN_NON_LITERAL_NULL_CONVERSION = YES;
				CLANG_WARN_OBJC_IMPLICIT_RETAIN_SELF = YES;
				CLANG_WARN_OBJC_LITERAL_CONVERSION = YES;
				CLANG_WARN_OBJC_ROOT_CLASS = YES_ERROR;
				CLANG_WARN_QUOTED_INCLUDE_IN_FRAMEWORK_HEADER = YES;
				CLANG_WARN_RANGE_LOOP_ANALYSIS = YES;
				CLANG_WARN_STRICT_PROTOTYPES = YES;
				CLANG_WARN_SUSPICIOUS_MOVE = YES;
				CLANG_WARN_UNGUARDED_AVAILABILITY = YES_AGGRESSIVE;
				CLANG_WARN_UNREACHABLE_CODE = YES;
				CLANG_WARN__DUPLICATE_METHOD_MATCH = YES;
				COPY_PHASE_STRIP = NO;
				DEBUG_INFORMATION_FORMAT = dwarf;
				ENABLE_STRICT_OBJC_MSGSEND = YES;
				ENABLE_TESTABILITY = YES;
				GCC_C_LANGUAGE_STANDARD = gnu11;
				GCC_DYNAMIC_NO_PIC = NO;
				GCC_NO_COMMON_BLOCKS = YES;
				GCC_OPTIMIZATION_LEVEL = 0;
				GCC_PREPROCESSOR_DEFINITIONS = (
					"DEBUG=1",
					"$(inherited)",
				);
				GCC_WARN_64_TO_32_BIT_CONVERSION = YES;
				GCC_WARN_ABOUT_RETURN_TYPE = YES_ERROR;
				GCC_WARN_UNDECLARED_SELECTOR = YES;
				GCC_WARN_UNINITIALIZED_AUTOS = YES_AGGRESSIVE;
				GCC_WARN_UNUSED_FUNCTION = YES;
				GCC_WARN_UNUSED_VARIABLE = YES;
				IPHONEOS_DEPLOYMENT_TARGET = 14.0;
				MTL_ENABLE_DEBUG_INFO = INCLUDE_SOURCE;
				MTL_FAST_MATH = YES;
				ONLY_ACTIVE_ARCH = YES;
				SDKROOT = iphoneos;
				SWIFT_ACTIVE_COMPILATION_CONDITIONS = DEBUG;
				SWIFT_OPTIMIZATION_LEVEL = "-Onone";
			};
			name = Debug;
		};
		AAA2675B2ABBF30100727A9E /* Release */ = {
			isa = XCBuildConfiguration;
			buildSettings = {
				ALWAYS_SEARCH_USER_PATHS = NO;
				CLANG_ANALYZER_NONNULL = YES;
				CLANG_ANALYZER_NUMBER_OBJECT_CONVERSION = YES_AGGRESSIVE;
				CLANG_CXX_LANGUAGE_STANDARD = "gnu++20";
				CLANG_ENABLE_MODULES = YES;
				CLANG_ENABLE_OBJC_ARC = YES;
				CLANG_ENABLE_OBJC_WEAK = YES;
				CLANG_WARN_BLOCK_CAPTURE_AUTORELEASING = YES;
				CLANG_WARN_BOOL_CONVERSION = YES;
				CLANG_WARN_COMMA = YES;
				CLANG_WARN_CONSTANT_CONVERSION = YES;
				CLANG_WARN_DEPRECATED_OBJC_IMPLEMENTATIONS = YES;
				CLANG_WARN_DIRECT_OBJC_ISA_USAGE = YES_ERROR;
				CLANG_WARN_DOCUMENTATION_COMMENTS = YES;
				CLANG_WARN_EMPTY_BODY = YES;
				CLANG_WARN_ENUM_CONVERSION = YES;
				CLANG_WARN_INFINITE_RECURSION = YES;
				CLANG_WARN_INT_CONVERSION = YES;
				CLANG_WARN_NON_LITERAL_NULL_CONVERSION = YES;
				CLANG_WARN_OBJC_IMPLICIT_RETAIN_SELF = YES;
				CLANG_WARN_OBJC_LITERAL_CONVERSION = YES;
				CLANG_WARN_OBJC_ROOT_CLASS = YES_ERROR;
				CLANG_WARN_QUOTED_INCLUDE_IN_FRAMEWORK_HEADER = YES;
				CLANG_WARN_RANGE_LOOP_ANALYSIS = YES;
				CLANG_WARN_STRICT_PROTOTYPES = YES;
				CLANG_WARN_SUSPICIOUS_MOVE = YES;
				CLANG_WARN_UNGUARDED_AVAILABILITY = YES_AGGRESSIVE;
				CLANG_WARN_UNREACHABLE_CODE = YES;
				CLANG_WARN__DUPLICATE_METHOD_MATCH = YES;
				COPY_PHASE_STRIP = NO;
				DEBUG_INFORMATION_FORMAT = "dwarf-with-dsym";
				ENABLE_NS_ASSERTIONS = NO;
				ENABLE_STRICT_OBJC_MSGSEND = YES;
				GCC_C_LANGUAGE_STANDARD = gnu11;
				GCC_NO_COMMON_BLOCKS = YES;
				GCC_WARN_64_TO_32_BIT_CONVERSION = YES;
				GCC_WARN_ABOUT_RETURN_TYPE = YES_ERROR;
				GCC_WARN_UNDECLARED_SELECTOR = YES;
				GCC_WARN_UNINITIALIZED_AUTOS = YES_AGGRESSIVE;
				GCC_WARN_UNUSED_FUNCTION = YES;
				GCC_WARN_UNUSED_VARIABLE = YES;
				IPHONEOS_DEPLOYMENT_TARGET = 14.0;
				MTL_ENABLE_DEBUG_INFO = NO;
				MTL_FAST_MATH = YES;
				SDKROOT = iphoneos;
				SWIFT_COMPILATION_MODE = wholemodule;
				SWIFT_OPTIMIZATION_LEVEL = "-O";
				VALIDATE_PRODUCT = YES;
			};
			name = Release;
		};
		AAA2675D2ABBF30100727A9E /* Debug */ = {
			isa = XCBuildConfiguration;
			buildSettings = {
				ASSETCATALOG_COMPILER_APPICON_NAME = AppIcon;
				ASSETCATALOG_COMPILER_GLOBAL_ACCENT_COLOR_NAME = AccentColor;
				CODE_SIGN_STYLE = Automatic;
				CURRENT_PROJECT_VERSION = 1;
				GENERATE_INFOPLIST_FILE = YES;
				INFOPLIST_FILE = SeriesYPeliculas/Info.plist;
				INFOPLIST_KEY_UIApplicationSupportsIndirectInputEvents = YES;
				INFOPLIST_KEY_UILaunchStoryboardName = LaunchScreen;
				INFOPLIST_KEY_UIMainStoryboardFile = Main;
				INFOPLIST_KEY_UISupportedInterfaceOrientations = UIInterfaceOrientationPortrait;
				INFOPLIST_KEY_UISupportedInterfaceOrientations_iPad = "UIInterfaceOrientationLandscapeLeft UIInterfaceOrientationLandscapeRight UIInterfaceOrientationPortrait UIInterfaceOrientationPortraitUpsideDown";
				IPHONEOS_DEPLOYMENT_TARGET = 14.0;
				LD_RUNPATH_SEARCH_PATHS = (
					"$(inherited)",
					"@executable_path/Frameworks",
				);
				MARKETING_VERSION = 1.0;
				PRODUCT_BUNDLE_IDENTIFIER = MA.SeriesYPeliculas;
				PRODUCT_NAME = "$(TARGET_NAME)";
				SUPPORTED_PLATFORMS = "iphoneos iphonesimulator";
				SUPPORTS_MACCATALYST = NO;
				SUPPORTS_MAC_DESIGNED_FOR_IPHONE_IPAD = NO;
				SWIFT_EMIT_LOC_STRINGS = YES;
				SWIFT_VERSION = 5.0;
				TARGETED_DEVICE_FAMILY = 1;
			};
			name = Debug;
		};
		AAA2675E2ABBF30100727A9E /* Release */ = {
			isa = XCBuildConfiguration;
			buildSettings = {
				ASSETCATALOG_COMPILER_APPICON_NAME = AppIcon;
				ASSETCATALOG_COMPILER_GLOBAL_ACCENT_COLOR_NAME = AccentColor;
				CODE_SIGN_STYLE = Automatic;
				CURRENT_PROJECT_VERSION = 1;
				GENERATE_INFOPLIST_FILE = YES;
				INFOPLIST_FILE = SeriesYPeliculas/Info.plist;
				INFOPLIST_KEY_UIApplicationSupportsIndirectInputEvents = YES;
				INFOPLIST_KEY_UILaunchStoryboardName = LaunchScreen;
				INFOPLIST_KEY_UIMainStoryboardFile = Main;
				INFOPLIST_KEY_UISupportedInterfaceOrientations = UIInterfaceOrientationPortrait;
				INFOPLIST_KEY_UISupportedInterfaceOrientations_iPad = "UIInterfaceOrientationLandscapeLeft UIInterfaceOrientationLandscapeRight UIInterfaceOrientationPortrait UIInterfaceOrientationPortraitUpsideDown";
				IPHONEOS_DEPLOYMENT_TARGET = 14.0;
				LD_RUNPATH_SEARCH_PATHS = (
					"$(inherited)",
					"@executable_path/Frameworks",
				);
				MARKETING_VERSION = 1.0;
				PRODUCT_BUNDLE_IDENTIFIER = MA.SeriesYPeliculas;
				PRODUCT_NAME = "$(TARGET_NAME)";
				SUPPORTED_PLATFORMS = "iphoneos iphonesimulator";
				SUPPORTS_MACCATALYST = NO;
				SUPPORTS_MAC_DESIGNED_FOR_IPHONE_IPAD = NO;
				SWIFT_EMIT_LOC_STRINGS = YES;
				SWIFT_VERSION = 5.0;
				TARGETED_DEVICE_FAMILY = 1;
			};
			name = Release;
		};
/* End XCBuildConfiguration section */

/* Begin XCConfigurationList section */
		AAA267432ABBF2FD00727A9E /* Build configuration list for PBXProject "SeriesYPeliculas" */ = {
			isa = XCConfigurationList;
			buildConfigurations = (
				AAA2675A2ABBF30100727A9E /* Debug */,
				AAA2675B2ABBF30100727A9E /* Release */,
			);
			defaultConfigurationIsVisible = 0;
			defaultConfigurationName = Release;
		};
		AAA2675C2ABBF30100727A9E /* Build configuration list for PBXNativeTarget "SeriesYPeliculas" */ = {
			isa = XCConfigurationList;
			buildConfigurations = (
				AAA2675D2ABBF30100727A9E /* Debug */,
				AAA2675E2ABBF30100727A9E /* Release */,
			);
			defaultConfigurationIsVisible = 0;
			defaultConfigurationName = Release;
		};
/* End XCConfigurationList section */
	};
	rootObject = AAA267402ABBF2FD00727A9E /* Project object */;
}
